
Microsoft Visual Studio Solution File, Format Version 12.00
# Visual Studio Version 17
VisualStudioVersion = 17.2.32630.192
MinimumVisualStudioVersion = 10.0.40219.1
Project("{8BC9CEB8-8B4A-11D0-8D11-00A0C91BC942}") = "Practice.pp135-2", "Practice.pp135-2.vcxproj", "{DB407AEF-4B83-4313-9B53-88D6D2C5E1B4}"
EndProject
Global
	GlobalSection(SolutionConfigurationPlatforms) = preSolution
		Debug|x64 = Debug|x64
		Debug|x86 = Debug|x86
		Release|x64 = Release|x64
		Release|x86 = Release|x86
	EndGlobalSection
	GlobalSection(ProjectConfigurationPlatforms) = postSolution
		{DB407AEF-4B83-4313-9B53-88D6D2C5E1B4}.Debug|x64.ActiveCfg = Debug|x64
		{DB407AEF-4B83-4313-9B53-88D6D2C5E1B4}.Debug|x64.Build.0 = Debug|x64
		{DB407AEF-4B83-4313-9B53-88D6D2C5E1B4}.Debug|x86.ActiveCfg = Debug|Win32
		{DB407AEF-4B83-4313-9B53-88D6D2C5E1B4}.Debug|x86.Build.0 = Debug|Win32
		{DB407AEF-4B83-4313-9B53-88D6D2C5E1B4}.Release|x64.ActiveCfg = Release|x64
		{DB407AEF-4B83-4313-9B53-88D6D2C5E1B4}.Release|x64.Build.0 = Release|x64
		{DB407AEF-4B83-4313-9B53-88D6D2C5E1B4}.Release|x86.ActiveCfg = Release|Win32
		{DB407AEF-4B83-4313-9B53-88D6D2C5E1B4}.Release|x86.Build.0 = Release|Win32
	EndGlobalSection
	GlobalSection(SolutionProperties) = preSolution
		HideSolutionNode = FALSE
	EndGlobalSection
	GlobalSection(ExtensibilityGlobals) = postSolution
		SolutionGuid = {666A2063-EB5B-45A1-9E4A-5A8F30DA471F}
	EndGlobalSection
EndGlobal
